
Microsoft Visual Studio Solution File, Format Version 12.00
# Visual Studio Version 17
VisualStudioVersion = 17.0.31903.59
MinimumVisualStudioVersion = 10.0.40219.1
Project("{FAE04EC0-301F-11D3-BF4B-00C04F79EFBC}") = "OrderConfirmation.Api", "OrderConfirmation.Api\OrderConfirmation.Api.csproj", "{2300B63B-CDDD-4A1D-829A-06B32FC3D1E5}"
EndProject
Project("{FAE04EC0-301F-11D3-BF4B-00C04F79EFBC}") = "OrderConfirmation.Tests", "OrderConfirmation.Tests\OrderConfirmation.Tests.csproj", "{B79E6EAC-9323-40CD-81ED-2AA2548D4777}"
EndProject
Global
	GlobalSection(SolutionConfigurationPlatforms) = preSolution
		Debug|Any CPU = Debug|Any CPU
		Release|Any CPU = Release|Any CPU
	EndGlobalSection
	GlobalSection(SolutionProperties) = preSolution
		HideSolutionNode = FALSE
	EndGlobalSection
	GlobalSection(ProjectConfigurationPlatforms) = postSolution
		{2300B63B-CDDD-4A1D-829A-06B32FC3D1E5}.Debug|Any CPU.ActiveCfg = Debug|Any CPU
		{2300B63B-CDDD-4A1D-829A-06B32FC3D1E5}.Debug|Any CPU.Build.0 = Debug|Any CPU
		{2300B63B-CDDD-4A1D-829A-06B32FC3D1E5}.Release|Any CPU.ActiveCfg = Release|Any CPU
		{2300B63B-CDDD-4A1D-829A-06B32FC3D1E5}.Release|Any CPU.Build.0 = Release|Any CPU
		{B79E6EAC-9323-40CD-81ED-2AA2548D4777}.Debug|Any CPU.ActiveCfg = Debug|Any CPU
		{B79E6EAC-9323-40CD-81ED-2AA2548D4777}.Debug|Any CPU.Build.0 = Debug|Any CPU
		{B79E6EAC-9323-40CD-81ED-2AA2548D4777}.Release|Any CPU.ActiveCfg = Release|Any CPU
		{B79E6EAC-9323-40CD-81ED-2AA2548D4777}.Release|Any CPU.Build.0 = Release|Any CPU
	EndGlobalSection
EndGlobal
